
Microsoft Visual Studio Solution File, Format Version 12.00
# Visual Studio Version 17
VisualStudioVersion = 17.9.34723.18
MinimumVisualStudioVersion = 10.0.40219.1
Project("{FAE04EC0-301F-11D3-BF4B-00C04F79EFBC}") = "Sibsound", "Sibsound\Sibsound.csproj", "{820E085C-DC45-4AC3-903F-1DBF5CE39C5E}"
EndProject
Project("{2150E333-8FDC-42A3-9474-1A3956D46DE8}") = "Элементы решения", "Элементы решения", "{D35E019E-BD92-4C9A-9824-2CEB6CB26EEB}"
EndProject
Global
	GlobalSection(SolutionConfigurationPlatforms) = preSolution
		Debug|Any CPU = Debug|Any CPU
		Release|Any CPU = Release|Any CPU
	EndGlobalSection
	GlobalSection(ProjectConfigurationPlatforms) = postSolution
		{820E085C-DC45-4AC3-903F-1DBF5CE39C5E}.Debug|Any CPU.ActiveCfg = Debug|Any CPU
		{820E085C-DC45-4AC3-903F-1DBF5CE39C5E}.Debug|Any CPU.Build.0 = Debug|Any CPU
		{820E085C-DC45-4AC3-903F-1DBF5CE39C5E}.Release|Any CPU.ActiveCfg = Release|Any CPU
		{820E085C-DC45-4AC3-903F-1DBF5CE39C5E}.Release|Any CPU.Build.0 = Release|Any CPU
	EndGlobalSection
	GlobalSection(SolutionProperties) = preSolution
		HideSolutionNode = FALSE
	EndGlobalSection
	GlobalSection(ExtensibilityGlobals) = postSolution
		SolutionGuid = {A45E7AA6-FE75-4BD5-A051-A1402BF3B3F9}
	EndGlobalSection
EndGlobal
