
Microsoft Visual Studio Solution File, Format Version 12.00
# Visual Studio Version 17
VisualStudioVersion = 17.9.34723.18
MinimumVisualStudioVersion = 10.0.40219.1
Project("{FAE04EC0-301F-11D3-BF4B-00C04F79EFBC}") = "KeyGenFramework", "KeyGenFramework\KeyGenFramework.csproj", "{DF568C02-4584-45F5-B704-9D3CAFAC8172}"
EndProject
Global
	GlobalSection(SolutionConfigurationPlatforms) = preSolution
		Debug|Any CPU = Debug|Any CPU
		Release|Any CPU = Release|Any CPU
	EndGlobalSection
	GlobalSection(ProjectConfigurationPlatforms) = postSolution
		{DF568C02-4584-45F5-B704-9D3CAFAC8172}.Debug|Any CPU.ActiveCfg = Debug|Any CPU
		{DF568C02-4584-45F5-B704-9D3CAFAC8172}.Debug|Any CPU.Build.0 = Debug|Any CPU
		{DF568C02-4584-45F5-B704-9D3CAFAC8172}.Release|Any CPU.ActiveCfg = Release|Any CPU
		{DF568C02-4584-45F5-B704-9D3CAFAC8172}.Release|Any CPU.Build.0 = Release|Any CPU
	EndGlobalSection
	GlobalSection(SolutionProperties) = preSolution
		HideSolutionNode = FALSE
	EndGlobalSection
	GlobalSection(ExtensibilityGlobals) = postSolution
		SolutionGuid = {361E3BAA-86AD-4E9A-A3E5-EA234C492F8E}
	EndGlobalSection
EndGlobal
